
Microsoft Visual Studio Solution File, Format Version 12.00
# Visual Studio Version 17
VisualStudioVersion = 17.13.35825.156
MinimumVisualStudioVersion = 10.0.40219.1
Project("{FAE04EC0-301F-11D3-BF4B-00C04F79EFBC}") = "DataAccess", "DataAccess\DataAccess.csproj", "{23E11A81-28FF-4271-8A2F-887888435A5A}"
EndProject
Project("{FAE04EC0-301F-11D3-BF4B-00C04F79EFBC}") = "ApiTest", "ApiTest\ApiTest.csproj", "{2FFCACED-E799-4881-AB64-E7E4224CCB39}"
EndProject
Global
	GlobalSection(SolutionConfigurationPlatforms) = preSolution
		Debug|Any CPU = Debug|Any CPU
		Release|Any CPU = Release|Any CPU
	EndGlobalSection
	GlobalSection(ProjectConfigurationPlatforms) = postSolution
		{23E11A81-28FF-4271-8A2F-887888435A5A}.Debug|Any CPU.ActiveCfg = Debug|Any CPU
		{23E11A81-28FF-4271-8A2F-887888435A5A}.Debug|Any CPU.Build.0 = Debug|Any CPU
		{23E11A81-28FF-4271-8A2F-887888435A5A}.Release|Any CPU.ActiveCfg = Release|Any CPU
		{23E11A81-28FF-4271-8A2F-887888435A5A}.Release|Any CPU.Build.0 = Release|Any CPU
		{2FFCACED-E799-4881-AB64-E7E4224CCB39}.Debug|Any CPU.ActiveCfg = Debug|Any CPU
		{2FFCACED-E799-4881-AB64-E7E4224CCB39}.Debug|Any CPU.Build.0 = Debug|Any CPU
		{2FFCACED-E799-4881-AB64-E7E4224CCB39}.Release|Any CPU.ActiveCfg = Release|Any CPU
		{2FFCACED-E799-4881-AB64-E7E4224CCB39}.Release|Any CPU.Build.0 = Release|Any CPU
	EndGlobalSection
	GlobalSection(SolutionProperties) = preSolution
		HideSolutionNode = FALSE
	EndGlobalSection
	GlobalSection(ExtensibilityGlobals) = postSolution
		SolutionGuid = {4E6E2810-1C08-455D-BF62-1964AA9AA6A8}
	EndGlobalSection
EndGlobal
